<?xml version="1.0" encoding="utf-8"?>
<Project ToolsVersion="4.0" xmlns="http://schemas.microsoft.com/developer/msbuild/2003">
  <ItemGroup>
    <Filter Include="リソース ファイル">
      <UniqueIdentifier>{67DA6AB6-F800-4c08-8B7A-83BB121AAD01}</UniqueIdentifier>
      <Extensions>rc;ico;cur;bmp;dlg;rc2;rct;bin;rgs;gif;jpg;jpeg;jpe;resx;tiff;tif;png;wav;mfcribbon-ms</Extensions>
    </Filter>
    <Filter Include="01Engine">
      <UniqueIdentifier>{e5fccdcb-f299-4448-bdb6-01fa28039576}</UniqueIdentifier>
    </Filter>
    <Filter Include="01Engine\DirectX">
      <UniqueIdentifier>{e56f8c9a-95a5-4ceb-b65f-5b8e572d087b}</UniqueIdentifier>
    </Filter>
    <Filter Include="01Engine\GameObject">
      <UniqueIdentifier>{b450e438-c939-4b05-b319-0e3c0b4a335c}</UniqueIdentifier>
    </Filter>
    <Filter Include="01Engine\ResourceManager">
      <UniqueIdentifier>{bedee914-5063-4c08-95bb-79c861b4969c}</UniqueIdentifier>
    </Filter>
    <Filter Include="02Shader">
      <UniqueIdentifier>{47a6a3f5-8cfd-436b-8d58-beccd108f3f3}</UniqueIdentifier>
      <Extensions>hlsl</Extensions>
    </Filter>
    <Filter Include="03Scene">
      <UniqueIdentifier>{d76993ba-b2fd-4c24-ad61-a1b4e2bdb549}</UniqueIdentifier>
    </Filter>
    <Filter Include="04Chara">
      <UniqueIdentifier>{e8ae93a8-c86e-4d00-8251-917fd2d111d5}</UniqueIdentifier>
    </Filter>
    <Filter Include="05Stage">
      <UniqueIdentifier>{95b3ece2-9697-4a38-9b16-fbace0993325}</UniqueIdentifier>
    </Filter>
    <Filter Include="00imgui">
      <UniqueIdentifier>{3e9885ce-598b-4c62-ab11-80bf3735eed1}</UniqueIdentifier>
    </Filter>
    <Filter Include="06UI">
      <UniqueIdentifier>{7061f304-b704-40f1-85e0-4ed10b0d3df8}</UniqueIdentifier>
    </Filter>
    <Filter Include="01Engine\Collider">
      <UniqueIdentifier>{7f19ecfb-5d70-4d31-a1f7-c9dd14bad324}</UniqueIdentifier>
    </Filter>
    <Filter Include="04Chara\CharacterParts">
      <UniqueIdentifier>{7517fab3-6b3e-4e2a-a908-91a92ef9e4f7}</UniqueIdentifier>
    </Filter>
    <Filter Include="07Interface">
      <UniqueIdentifier>{2ba0c85f-a4e0-4541-8df0-ad7b490e158a}</UniqueIdentifier>
    </Filter>
    <Filter Include="04Chara\PlayerState">
      <UniqueIdentifier>{6f44072b-4a07-4c99-a60e-b075363b4641}</UniqueIdentifier>
    </Filter>
    <Filter Include="04Chara\EnemyState">
      <UniqueIdentifier>{1c4c73fe-8d7f-4905-bd53-cc42fee0d3e8}</UniqueIdentifier>
    </Filter>
    <Filter Include="06UI\HUDPart">
      <UniqueIdentifier>{cb961b40-6008-4b01-a81f-79ffcbb337fe}</UniqueIdentifier>
    </Filter>
  </ItemGroup>
  <ItemGroup>
    <ClCompile Include="Engine\BoxCollider.cpp">
      <Filter>01Engine\Collider</Filter>
    </ClCompile>
    <ClCompile Include="Engine\Collider.cpp">
      <Filter>01Engine\Collider</Filter>
    </ClCompile>
    <ClCompile Include="Engine\SphereCollider.cpp">
      <Filter>01Engine\Collider</Filter>
    </ClCompile>
    <ClCompile Include="Engine\Direct3D.cpp">
      <Filter>01Engine\DirectX</Filter>
    </ClCompile>
    <ClCompile Include="Engine\Fbx.cpp">
      <Filter>01Engine\DirectX</Filter>
    </ClCompile>
    <ClCompile Include="Engine\FbxParts.cpp">
      <Filter>01Engine\DirectX</Filter>
    </ClCompile>
    <ClCompile Include="Engine\Input.cpp">
      <Filter>01Engine\DirectX</Filter>
    </ClCompile>
    <ClCompile Include="Engine\Sprite.cpp">
      <Filter>01Engine\DirectX</Filter>
    </ClCompile>
    <ClCompile Include="Engine\Camera.cpp">
      <Filter>01Engine\GameObject</Filter>
    </ClCompile>
    <ClCompile Include="Engine\GameObject.cpp">
      <Filter>01Engine\GameObject</Filter>
    </ClCompile>
    <ClCompile Include="Engine\RootObject.cpp">
      <Filter>01Engine\GameObject</Filter>
    </ClCompile>
    <ClCompile Include="Engine\CsvReader.cpp">
      <Filter>01Engine\ResourceManager</Filter>
    </ClCompile>
    <ClCompile Include="Engine\Image.cpp">
      <Filter>01Engine\ResourceManager</Filter>
    </ClCompile>
    <ClCompile Include="Engine\Model.cpp">
      <Filter>01Engine\ResourceManager</Filter>
    </ClCompile>
    <ClCompile Include="Engine\Main.cpp">
      <Filter>01Engine</Filter>
    </ClCompile>
    <ClCompile Include="Engine\SceneManager.cpp">
      <Filter>01Engine</Filter>
    </ClCompile>
    <ClCompile Include="Engine\Texture.cpp">
      <Filter>01Engine\DirectX</Filter>
    </ClCompile>
    <ClCompile Include="Engine\Transform.cpp">
      <Filter>01Engine\GameObject</Filter>
    </ClCompile>
    <ClCompile Include="Engine\Audio.cpp">
      <Filter>01Engine\ResourceManager</Filter>
    </ClCompile>
    <ClCompile Include="Engine\Text.cpp">
      <Filter>01Engine\ResourceManager</Filter>
    </ClCompile>
    <ClCompile Include="Engine\Debug.cpp">
      <Filter>01Engine\ResourceManager</Filter>
    </ClCompile>
    <ClCompile Include="Engine\BillBoard.cpp">
      <Filter>01Engine\DirectX</Filter>
    </ClCompile>
    <ClCompile Include="Engine\VFX.cpp">
      <Filter>01Engine\ResourceManager</Filter>
    </ClCompile>
    <ClCompile Include="imgui\imgui.cpp">
      <Filter>00imgui</Filter>
    </ClCompile>
    <ClCompile Include="imgui\imgui_demo.cpp">
      <Filter>00imgui</Filter>
    </ClCompile>
    <ClCompile Include="imgui\imgui_draw.cpp">
      <Filter>00imgui</Filter>
    </ClCompile>
    <ClCompile Include="imgui\imgui_impl_dx11.cpp">
      <Filter>00imgui</Filter>
    </ClCompile>
    <ClCompile Include="imgui\imgui_impl_win32.cpp">
      <Filter>00imgui</Filter>
    </ClCompile>
    <ClCompile Include="imgui\imgui_tables.cpp">
      <Filter>00imgui</Filter>
    </ClCompile>
    <ClCompile Include="imgui\imgui_widgets.cpp">
      <Filter>00imgui</Filter>
    </ClCompile>
    <ClCompile Include="ViewSourceFile\GameView.cpp">
      <Filter>01Engine\DirectX</Filter>
    </ClCompile>
    <ClCompile Include="CharacterSourceFile\Character.cpp">
      <Filter>04Chara</Filter>
    </ClCompile>
    <ClCompile Include="CharacterSourceFile\Enemy.cpp">
      <Filter>04Chara</Filter>
    </ClCompile>
    <ClCompile Include="CharacterSourceFile\Player.cpp">
      <Filter>04Chara</Filter>
    </ClCompile>
    <ClCompile Include="StageSourceFile\Fence.cpp">
      <Filter>05Stage</Filter>
    </ClCompile>
    <ClCompile Include="StageSourceFile\Ground.cpp">
      <Filter>05Stage</Filter>
    </ClCompile>
    <ClCompile Include="StageSourceFile\LeftWire.cpp">
      <Filter>05Stage</Filter>
    </ClCompile>
    <ClCompile Include="StageSourceFile\LowerWire.cpp">
      <Filter>05Stage</Filter>
    </ClCompile>
    <ClCompile Include="StageSourceFile\OutStageThing.cpp">
      <Filter>05Stage</Filter>
    </ClCompile>
    <ClCompile Include="StageSourceFile\RightWire.cpp">
      <Filter>05Stage</Filter>
    </ClCompile>
    <ClCompile Include="StageSourceFile\StageManager.cpp">
      <Filter>05Stage</Filter>
    </ClCompile>
    <ClCompile Include="StageSourceFile\UpperWire.cpp">
      <Filter>05Stage</Filter>
    </ClCompile>
    <ClCompile Include="StageSourceFile\BaseWire.cpp">
      <Filter>05Stage</Filter>
    </ClCompile>
    <ClCompile Include="UISourceFile\GameTimer.cpp">
      <Filter>06UI</Filter>
    </ClCompile>
    <ClCompile Include="UISourceFile\HUD.cpp">
      <Filter>06UI</Filter>
    </ClCompile>
    <ClCompile Include="UISourceFile\MiniMap.cpp">
      <Filter>06UI</Filter>
    </ClCompile>
    <ClCompile Include="EffectSourceFile\TransitionEffect.cpp">
      <Filter>06UI</Filter>
    </ClCompile>
    <ClCompile Include="EffectSourceFile\Easing.cpp">
      <Filter>01Engine\ResourceManager</Filter>
    </ClCompile>
    <ClCompile Include="SceneSourceFile\BaseScene.cpp">
      <Filter>03Scene</Filter>
    </ClCompile>
    <ClCompile Include="SceneSourceFile\BattleScene.cpp">
      <Filter>03Scene</Filter>
    </ClCompile>
    <ClCompile Include="SceneSourceFile\GameModeScene.cpp">
      <Filter>03Scene</Filter>
    </ClCompile>
    <ClCompile Include="SceneSourceFile\HowToPlayScene.cpp">
      <Filter>03Scene</Filter>
    </ClCompile>
    <ClCompile Include="SceneSourceFile\PracticeScene.cpp">
      <Filter>03Scene</Filter>
    </ClCompile>
    <ClCompile Include="SceneSourceFile\ResultScene.cpp">
      <Filter>03Scene</Filter>
    </ClCompile>
    <ClCompile Include="SceneSourceFile\TitleScene.cpp">
      <Filter>03Scene</Filter>
    </ClCompile>
    <ClCompile Include="SceneSourceFile\PlayBaseScene.cpp">
      <Filter>03Scene</Filter>
    </ClCompile>
    <ClCompile Include="CharacterSourceFile\CharacterPart\CharacterAir.cpp">
      <Filter>04Chara\CharacterParts</Filter>
    </ClCompile>
    <ClCompile Include="CharacterSourceFile\CharacterPart\CharacterCharge.cpp">
      <Filter>04Chara\CharacterParts</Filter>
    </ClCompile>
    <ClCompile Include="CharacterSourceFile\CharacterPart\CharacterCsvLoader.cpp">
      <Filter>04Chara\CharacterParts</Filter>
    </ClCompile>
    <ClCompile Include="CharacterSourceFile\CharacterPart\CharacterDebugPanel.cpp">
      <Filter>04Chara\CharacterParts</Filter>
    </ClCompile>
    <ClCompile Include="CharacterSourceFile\CharacterPart\CharacterFence.cpp">
      <Filter>04Chara\CharacterParts</Filter>
    </ClCompile>
    <ClCompile Include="CharacterSourceFile\CharacterPart\CharacterForward.cpp">
      <Filter>04Chara\CharacterParts</Filter>
    </ClCompile>
    <ClCompile Include="CharacterSourceFile\CharacterPart\CharacterHit.cpp">
      <Filter>04Chara\CharacterParts</Filter>
    </ClCompile>
    <ClCompile Include="CharacterSourceFile\CharacterPart\CharacterModelBlink.cpp">
      <Filter>04Chara\CharacterParts</Filter>
    </ClCompile>
    <ClCompile Include="CharacterSourceFile\CharacterPart\CharacterMovement.cpp">
      <Filter>04Chara\CharacterParts</Filter>
    </ClCompile>
    <ClCompile Include="CharacterSourceFile\CharacterPart\CharacterObserver.cpp">
      <Filter>04Chara\CharacterParts</Filter>
    </ClCompile>
    <ClCompile Include="CharacterSourceFile\CharacterPart\CharacterRotate.cpp">
      <Filter>04Chara\CharacterParts</Filter>
    </ClCompile>
    <ClCompile Include="CharacterSourceFile\CharacterPart\CharacterShadow.cpp">
      <Filter>04Chara\CharacterParts</Filter>
    </ClCompile>
    <ClCompile Include="CharacterSourceFile\CharacterPart\CharacterVFX.cpp">
      <Filter>04Chara\CharacterParts</Filter>
    </ClCompile>
    <ClCompile Include="CharacterSourceFile\CharacterPart\CharacterParams.cpp">
      <Filter>04Chara\CharacterParts</Filter>
    </ClCompile>
    <ClCompile Include="CharacterSourceFile\PlayerState\BasePlayerState.cpp">
      <Filter>04Chara\PlayerState</Filter>
    </ClCompile>
    <ClCompile Include="CharacterSourceFile\PlayerState\PlayerStateIdle.cpp">
      <Filter>04Chara\PlayerState</Filter>
    </ClCompile>
    <ClCompile Include="CharacterSourceFile\PlayerState\PlayerStateAttack.cpp">
      <Filter>04Chara\PlayerState</Filter>
    </ClCompile>
    <ClCompile Include="CharacterSourceFile\PlayerState\PlayerStateCharge.cpp">
      <Filter>04Chara\PlayerState</Filter>
    </ClCompile>
    <ClCompile Include="CharacterSourceFile\PlayerState\PlayerStateFenceHit.cpp">
      <Filter>04Chara\PlayerState</Filter>
    </ClCompile>
    <ClCompile Include="CharacterSourceFile\PlayerState\PlayerStateHit.cpp">
      <Filter>04Chara\PlayerState</Filter>
    </ClCompile>
    <ClCompile Include="CharacterSourceFile\PlayerState\PlayerStateStop.cpp">
      <Filter>04Chara\PlayerState</Filter>
    </ClCompile>
    <ClCompile Include="CharacterSourceFile\EnemyState\BaseEnemyState.cpp">
      <Filter>04Chara\EnemyState</Filter>
    </ClCompile>
    <ClCompile Include="CharacterSourceFile\EnemyState\EnemyStateRoot.cpp">
      <Filter>04Chara\EnemyState</Filter>
    </ClCompile>
    <ClCompile Include="CharacterSourceFile\EnemyState\EnemyStateApproach.cpp">
      <Filter>04Chara\EnemyState</Filter>
    </ClCompile>
    <ClCompile Include="CharacterSourceFile\EnemyState\EnemyStateAim.cpp">
      <Filter>04Chara\EnemyState</Filter>
    </ClCompile>
    <ClCompile Include="CharacterSourceFile\EnemyState\EnemyStateAttack.cpp">
      <Filter>04Chara\EnemyState</Filter>
    </ClCompile>
    <ClCompile Include="CharacterSourceFile\EnemyState\EnemyStateHit.cpp">
      <Filter>04Chara\EnemyState</Filter>
    </ClCompile>
    <ClCompile Include="CharacterSourceFile\EnemyState\EnemyStateFenceHit.cpp">
      <Filter>04Chara\EnemyState</Filter>
    </ClCompile>
    <ClCompile Include="CharacterSourceFile\EnemyState\EnemyStateStop.cpp">
      <Filter>04Chara\EnemyState</Filter>
    </ClCompile>
    <ClCompile Include="CharacterSourceFile\EnemyState\EnemyStateHitStop.cpp">
      <Filter>04Chara\EnemyState</Filter>
    </ClCompile>
    <ClCompile Include="CharacterSourceFile\PlayerState\PlayerStateHitStop.cpp">
      <Filter>04Chara\PlayerState</Filter>
    </ClCompile>
    <ClCompile Include="CharacterSourceFile\CharacterPart\CharacterHitStop.cpp">
      <Filter>04Chara\CharacterParts</Filter>
    </ClCompile>
    <ClCompile Include="CharacterSourceFile\EnemyState\EnemyStateLook.cpp">
      <Filter>04Chara\EnemyState</Filter>
    </ClCompile>
    <ClCompile Include="CharacterSourceFile\EnemyState\EnemyStateWait.cpp">
      <Filter>04Chara\EnemyState</Filter>
    </ClCompile>
    <ClCompile Include="CharacterSourceFile\CharacterPart\CharacterWait.cpp">
      <Filter>04Chara\CharacterParts</Filter>
    </ClCompile>
    <ClCompile Include="UISourceFile\HUDPart\HUDDebugPanel.cpp">
      <Filter>06UI\HUDPart</Filter>
    </ClCompile>
    <ClCompile Include="CharacterSourceFile\CharacterPart\CharacterCollision.cpp">
      <Filter>04Chara\CharacterParts</Filter>
    </ClCompile>
  </ItemGroup>
  <ItemGroup>
    <ClInclude Include="Engine\BoxCollider.h">
      <Filter>01Engine\Collider</Filter>
    </ClInclude>
    <ClInclude Include="Engine\Collider.h">
      <Filter>01Engine\Collider</Filter>
    </ClInclude>
    <ClInclude Include="Engine\SphereCollider.h">
      <Filter>01Engine\Collider</Filter>
    </ClInclude>
    <ClInclude Include="Engine\Direct3D.h">
      <Filter>01Engine\DirectX</Filter>
    </ClInclude>
    <ClInclude Include="Engine\Fbx.h">
      <Filter>01Engine\DirectX</Filter>
    </ClInclude>
    <ClInclude Include="Engine\FbxParts.h">
      <Filter>01Engine\DirectX</Filter>
    </ClInclude>
    <ClInclude Include="Engine\Input.h">
      <Filter>01Engine\DirectX</Filter>
    </ClInclude>
    <ClInclude Include="Engine\Sprite.h">
      <Filter>01Engine\DirectX</Filter>
    </ClInclude>
    <ClInclude Include="Engine\Camera.h">
      <Filter>01Engine\GameObject</Filter>
    </ClInclude>
    <ClInclude Include="Engine\GameObject.h">
      <Filter>01Engine\GameObject</Filter>
    </ClInclude>
    <ClInclude Include="Engine\RootObject.h">
      <Filter>01Engine\GameObject</Filter>
    </ClInclude>
    <ClInclude Include="Engine\CsvReader.h">
      <Filter>01Engine\ResourceManager</Filter>
    </ClInclude>
    <ClInclude Include="Engine\Image.h">
      <Filter>01Engine\ResourceManager</Filter>
    </ClInclude>
    <ClInclude Include="Engine\Model.h">
      <Filter>01Engine\ResourceManager</Filter>
    </ClInclude>
    <ClInclude Include="Engine\Global.h">
      <Filter>01Engine</Filter>
    </ClInclude>
    <ClInclude Include="Engine\SceneManager.h">
      <Filter>01Engine</Filter>
    </ClInclude>
    <ClInclude Include="Engine\Texture.h">
      <Filter>01Engine\DirectX</Filter>
    </ClInclude>
    <ClInclude Include="Engine\Transform.h">
      <Filter>01Engine\GameObject</Filter>
    </ClInclude>
    <ClInclude Include="Engine\Audio.h">
      <Filter>01Engine\ResourceManager</Filter>
    </ClInclude>
    <ClInclude Include="Engine\Text.h">
      <Filter>01Engine\ResourceManager</Filter>
    </ClInclude>
    <ClInclude Include="Engine\Debug.h">
      <Filter>01Engine\ResourceManager</Filter>
    </ClInclude>
    <ClInclude Include="Engine\BillBoard.h">
      <Filter>01Engine\DirectX</Filter>
    </ClInclude>
    <ClInclude Include="Engine\VFX.h">
      <Filter>01Engine\ResourceManager</Filter>
    </ClInclude>
    <ClInclude Include="resource.h" />
    <ClInclude Include="imgui\imconfig.h">
      <Filter>00imgui</Filter>
    </ClInclude>
    <ClInclude Include="imgui\imgui.h">
      <Filter>00imgui</Filter>
    </ClInclude>
    <ClInclude Include="imgui\imgui_impl_dx11.h">
      <Filter>00imgui</Filter>
    </ClInclude>
    <ClInclude Include="imgui\imgui_impl_win32.h">
      <Filter>00imgui</Filter>
    </ClInclude>
    <ClInclude Include="imgui\imgui_internal.h">
      <Filter>00imgui</Filter>
    </ClInclude>
    <ClInclude Include="imgui\imstb_rectpack.h">
      <Filter>00imgui</Filter>
    </ClInclude>
    <ClInclude Include="imgui\imstb_textedit.h">
      <Filter>00imgui</Filter>
    </ClInclude>
    <ClInclude Include="imgui\imstb_truetype.h">
      <Filter>00imgui</Filter>
    </ClInclude>
    <ClInclude Include="ViewSourceFile\GameView.h">
      <Filter>01Engine\DirectX</Filter>
    </ClInclude>
    <ClInclude Include="CharacterSourceFile\Character.h">
      <Filter>04Chara</Filter>
    </ClInclude>
    <ClInclude Include="CharacterSourceFile\Enemy.h">
      <Filter>04Chara</Filter>
    </ClInclude>
    <ClInclude Include="CharacterSourceFile\Player.h">
      <Filter>04Chara</Filter>
    </ClInclude>
    <ClInclude Include="StageSourceFile\Fence.h">
      <Filter>05Stage</Filter>
    </ClInclude>
    <ClInclude Include="StageSourceFile\Ground.h">
      <Filter>05Stage</Filter>
    </ClInclude>
    <ClInclude Include="StageSourceFile\LeftWire.h">
      <Filter>05Stage</Filter>
    </ClInclude>
    <ClInclude Include="StageSourceFile\LowerWire.h">
      <Filter>05Stage</Filter>
    </ClInclude>
    <ClInclude Include="StageSourceFile\OutStageThing.h">
      <Filter>05Stage</Filter>
    </ClInclude>
    <ClInclude Include="StageSourceFile\RightWire.h">
      <Filter>05Stage</Filter>
    </ClInclude>
    <ClInclude Include="StageSourceFile\StageManager.h">
      <Filter>05Stage</Filter>
    </ClInclude>
    <ClInclude Include="StageSourceFile\UpperWire.h">
      <Filter>05Stage</Filter>
    </ClInclude>
    <ClInclude Include="StageSourceFile\BaseWire.h">
      <Filter>05Stage</Filter>
    </ClInclude>
    <ClInclude Include="UISourceFile\GameTimer.h">
      <Filter>06UI</Filter>
    </ClInclude>
    <ClInclude Include="UISourceFile\HUD.h">
      <Filter>06UI</Filter>
    </ClInclude>
    <ClInclude Include="UISourceFile\MiniMap.h">
      <Filter>06UI</Filter>
    </ClInclude>
    <ClInclude Include="EffectSourceFile\TransitionEffect.h">
      <Filter>06UI</Filter>
    </ClInclude>
    <ClInclude Include="EffectSourceFile\Easing.h">
      <Filter>01Engine\ResourceManager</Filter>
    </ClInclude>
    <ClInclude Include="SceneSourceFile\BaseScene.h">
      <Filter>03Scene</Filter>
    </ClInclude>
    <ClInclude Include="SceneSourceFile\BattleScene.h">
      <Filter>03Scene</Filter>
    </ClInclude>
    <ClInclude Include="SceneSourceFile\GameModeScene.h">
      <Filter>03Scene</Filter>
    </ClInclude>
    <ClInclude Include="SceneSourceFile\HowToPlayScene.h">
      <Filter>03Scene</Filter>
    </ClInclude>
    <ClInclude Include="SceneSourceFile\PracticeScene.h">
      <Filter>03Scene</Filter>
    </ClInclude>
    <ClInclude Include="SceneSourceFile\ResultScene.h">
      <Filter>03Scene</Filter>
    </ClInclude>
    <ClInclude Include="SceneSourceFile\TitleScene.h">
      <Filter>03Scene</Filter>
    </ClInclude>
    <ClInclude Include="SceneSourceFile\PlayBaseScene.h">
      <Filter>03Scene</Filter>
    </ClInclude>
    <ClInclude Include="CharacterSourceFile\CharacterPart\CharacterShadow.h">
      <Filter>04Chara\CharacterParts</Filter>
    </ClInclude>
    <ClInclude Include="CharacterSourceFile\CharacterPart\CharacterAir.h">
      <Filter>04Chara\CharacterParts</Filter>
    </ClInclude>
    <ClInclude Include="CharacterSourceFile\CharacterPart\CharacterCharge.h">
      <Filter>04Chara\CharacterParts</Filter>
    </ClInclude>
    <ClInclude Include="CharacterSourceFile\CharacterPart\CharacterCsvLoader.h">
      <Filter>04Chara\CharacterParts</Filter>
    </ClInclude>
    <ClInclude Include="CharacterSourceFile\CharacterPart\CharacterDebugPanel.h">
      <Filter>04Chara\CharacterParts</Filter>
    </ClInclude>
    <ClInclude Include="CharacterSourceFile\CharacterPart\CharacterFence.h">
      <Filter>04Chara\CharacterParts</Filter>
    </ClInclude>
    <ClInclude Include="CharacterSourceFile\CharacterPart\CharacterForward.h">
      <Filter>04Chara\CharacterParts</Filter>
    </ClInclude>
    <ClInclude Include="CharacterSourceFile\CharacterPart\CharacterHit.h">
      <Filter>04Chara\CharacterParts</Filter>
    </ClInclude>
    <ClInclude Include="CharacterSourceFile\CharacterPart\CharacterModelBlink.h">
      <Filter>04Chara\CharacterParts</Filter>
    </ClInclude>
    <ClInclude Include="CharacterSourceFile\CharacterPart\CharacterMovement.h">
      <Filter>04Chara\CharacterParts</Filter>
    </ClInclude>
    <ClInclude Include="CharacterSourceFile\CharacterPart\CharacterObserver.h">
      <Filter>04Chara\CharacterParts</Filter>
    </ClInclude>
    <ClInclude Include="CharacterSourceFile\CharacterPart\CharacterParams.h">
      <Filter>04Chara\CharacterParts</Filter>
    </ClInclude>
    <ClInclude Include="CharacterSourceFile\CharacterPart\CharacterRotate.h">
      <Filter>04Chara\CharacterParts</Filter>
    </ClInclude>
    <ClInclude Include="InterfaceSourceFile\IGameObserver.h">
      <Filter>07Interface</Filter>
    </ClInclude>
    <ClInclude Include="CharacterSourceFile\CharacterPart\CharacterVFX.h">
      <Filter>04Chara\CharacterParts</Filter>
    </ClInclude>
    <ClInclude Include="CharacterSourceFile\PlayerState\BasePlayerState.h">
      <Filter>04Chara\PlayerState</Filter>
    </ClInclude>
    <ClInclude Include="CharacterSourceFile\PlayerState\PlayerStateIdle.h">
      <Filter>04Chara\PlayerState</Filter>
    </ClInclude>
    <ClInclude Include="CharacterSourceFile\PlayerState\PlayerStateAttack.h">
      <Filter>04Chara\PlayerState</Filter>
    </ClInclude>
    <ClInclude Include="CharacterSourceFile\PlayerState\PlayerStateCharge.h">
      <Filter>04Chara\PlayerState</Filter>
    </ClInclude>
    <ClInclude Include="CharacterSourceFile\PlayerState\PlayerStateFenceHit.h">
      <Filter>04Chara\PlayerState</Filter>
    </ClInclude>
    <ClInclude Include="CharacterSourceFile\PlayerState\PlayerStateHit.h">
      <Filter>04Chara\PlayerState</Filter>
    </ClInclude>
    <ClInclude Include="CharacterSourceFile\PlayerState\PlayerStateStop.h">
      <Filter>04Chara\PlayerState</Filter>
    </ClInclude>
    <ClInclude Include="CharacterSourceFile\EnemyState\BaseEnemyState.h">
      <Filter>04Chara\EnemyState</Filter>
    </ClInclude>
    <ClInclude Include="CharacterSourceFile\EnemyState\EnemyStateRoot.h">
      <Filter>04Chara\EnemyState</Filter>
    </ClInclude>
    <ClInclude Include="CharacterSourceFile\EnemyState\EnemyStateApproach.h">
      <Filter>04Chara\EnemyState</Filter>
    </ClInclude>
    <ClInclude Include="CharacterSourceFile\EnemyState\EnemyStateAim.h">
      <Filter>04Chara\EnemyState</Filter>
    </ClInclude>
    <ClInclude Include="CharacterSourceFile\EnemyState\EnemyStateAttack.h">
      <Filter>04Chara\EnemyState</Filter>
    </ClInclude>
    <ClInclude Include="CharacterSourceFile\EnemyState\EnemyStateHit.h">
      <Filter>04Chara\EnemyState</Filter>
    </ClInclude>
    <ClInclude Include="CharacterSourceFile\EnemyState\EnemyStateFenceHit.h">
      <Filter>04Chara\EnemyState</Filter>
    </ClInclude>
    <ClInclude Include="CharacterSourceFile\EnemyState\EnemyStateStop.h">
      <Filter>04Chara\EnemyState</Filter>
    </ClInclude>
    <ClInclude Include="CharacterSourceFile\EnemyState\EnemyStateHitStop.h">
      <Filter>04Chara\EnemyState</Filter>
    </ClInclude>
    <ClInclude Include="CharacterSourceFile\PlayerState\PlayerStateHitStop.h">
      <Filter>04Chara\PlayerState</Filter>
    </ClInclude>
    <ClInclude Include="CharacterSourceFile\CharacterPart\CharacterHitStop.h">
      <Filter>04Chara\CharacterParts</Filter>
    </ClInclude>
    <ClInclude Include="CharacterSourceFile\EnemyState\EnemyStateLook.h">
      <Filter>04Chara\EnemyState</Filter>
    </ClInclude>
    <ClInclude Include="CharacterSourceFile\EnemyState\EnemyStateWait.h">
      <Filter>04Chara\EnemyState</Filter>
    </ClInclude>
    <ClInclude Include="CharacterSourceFile\CharacterPart\CharacterWait.h">
      <Filter>04Chara\CharacterParts</Filter>
    </ClInclude>
    <ClInclude Include="UISourceFile\HUDPart\HUDDebugPanel.h">
      <Filter>06UI\HUDPart</Filter>
    </ClInclude>
    <ClInclude Include="CharacterSourceFile\CharacterPart\CharacterCollision.h">
      <Filter>04Chara\CharacterParts</Filter>
    </ClInclude>
  </ItemGroup>
  <ItemGroup>
    <FxCompile Include="Assets\Shader\Simple2D.hlsl">
      <Filter>02Shader</Filter>
    </FxCompile>
    <FxCompile Include="Assets\Shader\Simple3D.hlsl">
      <Filter>02Shader</Filter>
    </FxCompile>
    <FxCompile Include="Assets\Shader\Debug3D.hlsl">
      <Filter>02Shader</Filter>
    </FxCompile>
    <FxCompile Include="Assets\Shader\BillBoard.hlsl">
      <Filter>02Shader</Filter>
    </FxCompile>
  </ItemGroup>
  <ItemGroup>
    <ResourceCompile Include="GameBaseDx11.rc">
      <Filter>リソース ファイル</Filter>
    </ResourceCompile>
  </ItemGroup>
</Project>